
Microsoft Visual Studio Solution File, Format Version 12.00
# Visual Studio Version 16
VisualStudioVersion = 16.0.30309.148
MinimumVisualStudioVersion = 10.0.40219.1
Project("{9A19103F-16F7-4668-BE54-9A1E7A4F7556}") = "neck", "neck\neck.csproj", "{E34E494A-CBBB-42F1-90F9-9FE76D874835}"
EndProject
Project("{FAE04EC0-301F-11D3-BF4B-00C04F79EFBC}") = "neck.tests", "neck.tests\neck.tests.csproj", "{C93F8587-2AC8-4750-87E9-97C5949C2AFD}"
EndProject
Global
	GlobalSection(SolutionConfigurationPlatforms) = preSolution
		Debug|Any CPU = Debug|Any CPU
		Release|Any CPU = Release|Any CPU
	EndGlobalSection
	GlobalSection(ProjectConfigurationPlatforms) = postSolution
		{E34E494A-CBBB-42F1-90F9-9FE76D874835}.Debug|Any CPU.ActiveCfg = Debug|Any CPU
		{E34E494A-CBBB-42F1-90F9-9FE76D874835}.Debug|Any CPU.Build.0 = Debug|Any CPU
		{E34E494A-CBBB-42F1-90F9-9FE76D874835}.Release|Any CPU.ActiveCfg = Release|Any CPU
		{E34E494A-CBBB-42F1-90F9-9FE76D874835}.Release|Any CPU.Build.0 = Release|Any CPU
		{C93F8587-2AC8-4750-87E9-97C5949C2AFD}.Debug|Any CPU.ActiveCfg = Debug|Any CPU
		{C93F8587-2AC8-4750-87E9-97C5949C2AFD}.Debug|Any CPU.Build.0 = Debug|Any CPU
		{C93F8587-2AC8-4750-87E9-97C5949C2AFD}.Release|Any CPU.ActiveCfg = Release|Any CPU
		{C93F8587-2AC8-4750-87E9-97C5949C2AFD}.Release|Any CPU.Build.0 = Release|Any CPU
	EndGlobalSection
	GlobalSection(SolutionProperties) = preSolution
		HideSolutionNode = FALSE
	EndGlobalSection
	GlobalSection(ExtensibilityGlobals) = postSolution
		SolutionGuid = {E8AF10F1-EEB4-403B-B309-149C36BC40C3}
	EndGlobalSection
EndGlobal
